// !$*UTF8*$!
{
	archiveVersion = 1;
	classes = {
	};
	objectVersion = 56;
	objects = {

/* Begin PBXBuildFile section */
		1D2191E52A862BDD001D5D0F /* MySpar_TestTaskApp.swift in Sources */ = {isa = PBXBuildFile; fileRef = 1D2191E42A862BDD001D5D0F /* MySpar_TestTaskApp.swift */; };
		1D2191E72A862BDD001D5D0F /* ContentView.swift in Sources */ = {isa = PBXBuildFile; fileRef = 1D2191E62A862BDD001D5D0F /* ContentView.swift */; };
		1D2191E92A862BDE001D5D0F /* Assets.xcassets in Resources */ = {isa = PBXBuildFile; fileRef = 1D2191E82A862BDE001D5D0F /* Assets.xcassets */; };
		1D2191EC2A862BDE001D5D0F /* Preview Assets.xcassets in Resources */ = {isa = PBXBuildFile; fileRef = 1D2191EB2A862BDE001D5D0F /* Preview Assets.xcassets */; };
		1D2191F72A862D46001D5D0F /* MainTabBar.swift in Sources */ = {isa = PBXBuildFile; fileRef = 1D2191F62A862D46001D5D0F /* MainTabBar.swift */; };
		1D2191FA2A86318C001D5D0F /* Color + Ext.swift in Sources */ = {isa = PBXBuildFile; fileRef = 1D2191F92A86318C001D5D0F /* Color + Ext.swift */; };
		1D2192002A863302001D5D0F /* BasketView.swift in Sources */ = {isa = PBXBuildFile; fileRef = 1D2191FF2A863302001D5D0F /* BasketView.swift */; };
		1D903C992A874446001DDEFA /* ProfileView.swift in Sources */ = {isa = PBXBuildFile; fileRef = 1D903C982A874446001DDEFA /* ProfileView.swift */; };
		1D903C9B2A875973001DDEFA /* CatalogView.swift in Sources */ = {isa = PBXBuildFile; fileRef = 1D903C9A2A875973001DDEFA /* CatalogView.swift */; };
		1D903C9D2A876F8C001DDEFA /* TopRoundedMask.swift in Sources */ = {isa = PBXBuildFile; fileRef = 1D903C9C2A876F8C001DDEFA /* TopRoundedMask.swift */; };
		1D903C9F2A876FE8001DDEFA /* CatalogViewModel.swift in Sources */ = {isa = PBXBuildFile; fileRef = 1D903C9E2A876FE8001DDEFA /* CatalogViewModel.swift */; };
		1D903CA42A877068001DDEFA /* CatalogSection.swift in Sources */ = {isa = PBXBuildFile; fileRef = 1D903CA32A877068001DDEFA /* CatalogSection.swift */; };
		1D903CA62A87CDBA001DDEFA /* MainView.swift in Sources */ = {isa = PBXBuildFile; fileRef = 1D903CA52A87CDBA001DDEFA /* MainView.swift */; };
		1D903CA82A87DA8C001DDEFA /* MainOptions.swift in Sources */ = {isa = PBXBuildFile; fileRef = 1D903CA72A87DA8C001DDEFA /* MainOptions.swift */; };
		1D903CAA2A87DB94001DDEFA /* Banner.swift in Sources */ = {isa = PBXBuildFile; fileRef = 1D903CA92A87DB94001DDEFA /* Banner.swift */; };
		1D903CAC2A87DC4C001DDEFA /* SpecialCard.swift in Sources */ = {isa = PBXBuildFile; fileRef = 1D903CAB2A87DC4C001DDEFA /* SpecialCard.swift */; };
		1D903CAE2A87DD32001DDEFA /* ProductCard.swift in Sources */ = {isa = PBXBuildFile; fileRef = 1D903CAD2A87DD32001DDEFA /* ProductCard.swift */; };
		1DF56A6E2A867DAF00022070 /* NavigationBarView.swift in Sources */ = {isa = PBXBuildFile; fileRef = 1DF56A6D2A867DAF00022070 /* NavigationBarView.swift */; };
		1DF56A702A867DEC00022070 /* NavigationBarViewModel.swift in Sources */ = {isa = PBXBuildFile; fileRef = 1DF56A6F2A867DEC00022070 /* NavigationBarViewModel.swift */; };
/* End PBXBuildFile section */

/* Begin PBXFileReference section */
		1D2191E12A862BDD001D5D0F /* MySpar_TestTask.app */ = {isa = PBXFileReference; explicitFileType = wrapper.application; includeInIndex = 0; path = MySpar_TestTask.app; sourceTree = BUILT_PRODUCTS_DIR; };
		1D2191E42A862BDD001D5D0F /* MySpar_TestTaskApp.swift */ = {isa = PBXFileReference; lastKnownFileType = sourcecode.swift; path = MySpar_TestTaskApp.swift; sourceTree = "<group>"; };
		1D2191E62A862BDD001D5D0F /* ContentView.swift */ = {isa = PBXFileReference; lastKnownFileType = sourcecode.swift; path = ContentView.swift; sourceTree = "<group>"; };
		1D2191E82A862BDE001D5D0F /* Assets.xcassets */ = {isa = PBXFileReference; lastKnownFileType = folder.assetcatalog; path = Assets.xcassets; sourceTree = "<group>"; };
		1D2191EB2A862BDE001D5D0F /* Preview Assets.xcassets */ = {isa = PBXFileReference; lastKnownFileType = folder.assetcatalog; path = "Preview Assets.xcassets"; sourceTree = "<group>"; };
		1D2191F62A862D46001D5D0F /* MainTabBar.swift */ = {isa = PBXFileReference; lastKnownFileType = sourcecode.swift; path = MainTabBar.swift; sourceTree = "<group>"; };
		1D2191F92A86318C001D5D0F /* Color + Ext.swift */ = {isa = PBXFileReference; lastKnownFileType = sourcecode.swift; path = "Color + Ext.swift"; sourceTree = "<group>"; };
		1D2191FF2A863302001D5D0F /* BasketView.swift */ = {isa = PBXFileReference; lastKnownFileType = sourcecode.swift; path = BasketView.swift; sourceTree = "<group>"; };
		1D903C982A874446001DDEFA /* ProfileView.swift */ = {isa = PBXFileReference; lastKnownFileType = sourcecode.swift; path = ProfileView.swift; sourceTree = "<group>"; };
		1D903C9A2A875973001DDEFA /* CatalogView.swift */ = {isa = PBXFileReference; lastKnownFileType = sourcecode.swift; path = CatalogView.swift; sourceTree = "<group>"; };
		1D903C9C2A876F8C001DDEFA /* TopRoundedMask.swift */ = {isa = PBXFileReference; lastKnownFileType = sourcecode.swift; path = TopRoundedMask.swift; sourceTree = "<group>"; };
		1D903C9E2A876FE8001DDEFA /* CatalogViewModel.swift */ = {isa = PBXFileReference; lastKnownFileType = sourcecode.swift; path = CatalogViewModel.swift; sourceTree = "<group>"; };
		1D903CA32A877068001DDEFA /* CatalogSection.swift */ = {isa = PBXFileReference; lastKnownFileType = sourcecode.swift; path = CatalogSection.swift; sourceTree = "<group>"; };
		1D903CA52A87CDBA001DDEFA /* MainView.swift */ = {isa = PBXFileReference; lastKnownFileType = sourcecode.swift; path = MainView.swift; sourceTree = "<group>"; };
		1D903CA72A87DA8C001DDEFA /* MainOptions.swift */ = {isa = PBXFileReference; lastKnownFileType = sourcecode.swift; path = MainOptions.swift; sourceTree = "<group>"; };
		1D903CA92A87DB94001DDEFA /* Banner.swift */ = {isa = PBXFileReference; lastKnownFileType = sourcecode.swift; path = Banner.swift; sourceTree = "<group>"; };
		1D903CAB2A87DC4C001DDEFA /* SpecialCard.swift */ = {isa = PBXFileReference; lastKnownFileType = sourcecode.swift; path = SpecialCard.swift; sourceTree = "<group>"; };
		1D903CAD2A87DD32001DDEFA /* ProductCard.swift */ = {isa = PBXFileReference; lastKnownFileType = sourcecode.swift; path = ProductCard.swift; sourceTree = "<group>"; };
		1DF56A6D2A867DAF00022070 /* NavigationBarView.swift */ = {isa = PBXFileReference; lastKnownFileType = sourcecode.swift; path = NavigationBarView.swift; sourceTree = "<group>"; };
		1DF56A6F2A867DEC00022070 /* NavigationBarViewModel.swift */ = {isa = PBXFileReference; lastKnownFileType = sourcecode.swift; path = NavigationBarViewModel.swift; sourceTree = "<group>"; };
/* End PBXFileReference section */

/* Begin PBXFrameworksBuildPhase section */
		1D2191DE2A862BDD001D5D0F /* Frameworks */ = {
			isa = PBXFrameworksBuildPhase;
			buildActionMask = 2147483647;
			files = (
			);
			runOnlyForDeploymentPostprocessing = 0;
		};
/* End PBXFrameworksBuildPhase section */

/* Begin PBXGroup section */
		1D2191D82A862BDD001D5D0F = {
			isa = PBXGroup;
			children = (
				1D2191E32A862BDD001D5D0F /* MySpar_TestTask */,
				1D2191E22A862BDD001D5D0F /* Products */,
			);
			sourceTree = "<group>";
		};
		1D2191E22A862BDD001D5D0F /* Products */ = {
			isa = PBXGroup;
			children = (
				1D2191E12A862BDD001D5D0F /* MySpar_TestTask.app */,
			);
			name = Products;
			sourceTree = "<group>";
		};
		1D2191E32A862BDD001D5D0F /* MySpar_TestTask */ = {
			isa = PBXGroup;
			children = (
				1D903CA02A877016001DDEFA /* Data */,
				1D2192012A863C59001D5D0F /* Components */,
				1D2191F22A862CCD001D5D0F /* App */,
				1D2191F32A862CD2001D5D0F /* Core */,
				1D2191F82A863168001D5D0F /* Extensions */,
				1D2191E82A862BDE001D5D0F /* Assets.xcassets */,
				1D2191EA2A862BDE001D5D0F /* Preview Content */,
			);
			path = MySpar_TestTask;
			sourceTree = "<group>";
		};
		1D2191EA2A862BDE001D5D0F /* Preview Content */ = {
			isa = PBXGroup;
			children = (
				1D2191EB2A862BDE001D5D0F /* Preview Assets.xcassets */,
			);
			path = "Preview Content";
			sourceTree = "<group>";
		};
		1D2191F22A862CCD001D5D0F /* App */ = {
			isa = PBXGroup;
			children = (
				1D2191E42A862BDD001D5D0F /* MySpar_TestTaskApp.swift */,
			);
			path = App;
			sourceTree = "<group>";
		};
		1D2191F32A862CD2001D5D0F /* Core */ = {
			isa = PBXGroup;
			children = (
				1D2191F42A862D0C001D5D0F /* Root */,
				1D2191FE2A8632EE001D5D0F /* Main */,
				1D2191FD2A8632E7001D5D0F /* Catalog */,
				1D2191FC2A8632E0001D5D0F /* Basket */,
				1D2191FB2A8632DB001D5D0F /* Profile */,
				1D2191F52A862D37001D5D0F /* TabBar */,
			);
			path = Core;
			sourceTree = "<group>";
		};
		1D2191F42A862D0C001D5D0F /* Root */ = {
			isa = PBXGroup;
			children = (
				1D2191E62A862BDD001D5D0F /* ContentView.swift */,
			);
			path = Root;
			sourceTree = "<group>";
		};
		1D2191F52A862D37001D5D0F /* TabBar */ = {
			isa = PBXGroup;
			children = (
				1D2191F62A862D46001D5D0F /* MainTabBar.swift */,
			);
			path = TabBar;
			sourceTree = "<group>";
		};
		1D2191F82A863168001D5D0F /* Extensions */ = {
			isa = PBXGroup;
			children = (
				1D2191F92A86318C001D5D0F /* Color + Ext.swift */,
			);
			path = Extensions;
			sourceTree = "<group>";
		};
		1D2191FB2A8632DB001D5D0F /* Profile */ = {
			isa = PBXGroup;
			children = (
				1D903C982A874446001DDEFA /* ProfileView.swift */,
			);
			path = Profile;
			sourceTree = "<group>";
		};
		1D2191FC2A8632E0001D5D0F /* Basket */ = {
			isa = PBXGroup;
			children = (
				1D2191FF2A863302001D5D0F /* BasketView.swift */,
			);
			path = Basket;
			sourceTree = "<group>";
		};
		1D2191FD2A8632E7001D5D0F /* Catalog */ = {
			isa = PBXGroup;
			children = (
				1D903C9A2A875973001DDEFA /* CatalogView.swift */,
				1D903C9E2A876FE8001DDEFA /* CatalogViewModel.swift */,
			);
			path = Catalog;
			sourceTree = "<group>";
		};
		1D2191FE2A8632EE001D5D0F /* Main */ = {
			isa = PBXGroup;
			children = (
				1D903CA52A87CDBA001DDEFA /* MainView.swift */,
			);
			path = Main;
			sourceTree = "<group>";
		};
		1D2192012A863C59001D5D0F /* Components */ = {
			isa = PBXGroup;
			children = (
				1DF56A6C2A867D9600022070 /* NavigationBar */,
				1D903C9C2A876F8C001DDEFA /* TopRoundedMask.swift */,
			);
			path = Components;
			sourceTree = "<group>";
		};
		1D903CA02A877016001DDEFA /* Data */ = {
			isa = PBXGroup;
			children = (
				1D903CA22A877027001DDEFA /* Main */,
				1D903CA12A87701D001DDEFA /* Catalog */,
			);
			path = Data;
			sourceTree = "<group>";
		};
		1D903CA12A87701D001DDEFA /* Catalog */ = {
			isa = PBXGroup;
			children = (
				1D903CA32A877068001DDEFA /* CatalogSection.swift */,
			);
			path = Catalog;
			sourceTree = "<group>";
		};
		1D903CA22A877027001DDEFA /* Main */ = {
			isa = PBXGroup;
			children = (
				1D903CA72A87DA8C001DDEFA /* MainOptions.swift */,
				1D903CA92A87DB94001DDEFA /* Banner.swift */,
				1D903CAB2A87DC4C001DDEFA /* SpecialCard.swift */,
				1D903CAD2A87DD32001DDEFA /* ProductCard.swift */,
			);
			path = Main;
			sourceTree = "<group>";
		};
		1DF56A6C2A867D9600022070 /* NavigationBar */ = {
			isa = PBXGroup;
			children = (
				1DF56A6D2A867DAF00022070 /* NavigationBarView.swift */,
				1DF56A6F2A867DEC00022070 /* NavigationBarViewModel.swift */,
			);
			path = NavigationBar;
			sourceTree = "<group>";
		};
/* End PBXGroup section */

/* Begin PBXNativeTarget section */
		1D2191E02A862BDD001D5D0F /* MySpar_TestTask */ = {
			isa = PBXNativeTarget;
			buildConfigurationList = 1D2191EF2A862BDE001D5D0F /* Build configuration list for PBXNativeTarget "MySpar_TestTask" */;
			buildPhases = (
				1D2191DD2A862BDD001D5D0F /* Sources */,
				1D2191DE2A862BDD001D5D0F /* Frameworks */,
				1D2191DF2A862BDD001D5D0F /* Resources */,
			);
			buildRules = (
			);
			dependencies = (
			);
			name = MySpar_TestTask;
			productName = MySpar_TestTask;
			productReference = 1D2191E12A862BDD001D5D0F /* MySpar_TestTask.app */;
			productType = "com.apple.product-type.application";
		};
/* End PBXNativeTarget section */

/* Begin PBXProject section */
		1D2191D92A862BDD001D5D0F /* Project object */ = {
			isa = PBXProject;
			attributes = {
				BuildIndependentTargetsInParallel = 1;
				LastSwiftUpdateCheck = 1430;
				LastUpgradeCheck = 1430;
				TargetAttributes = {
					1D2191E02A862BDD001D5D0F = {
						CreatedOnToolsVersion = 14.3.1;
					};
				};
			};
			buildConfigurationList = 1D2191DC2A862BDD001D5D0F /* Build configuration list for PBXProject "MySpar_TestTask" */;
			compatibilityVersion = "Xcode 14.0";
			developmentRegion = en;
			hasScannedForEncodings = 0;
			knownRegions = (
				en,
				Base,
			);
			mainGroup = 1D2191D82A862BDD001D5D0F;
			productRefGroup = 1D2191E22A862BDD001D5D0F /* Products */;
			projectDirPath = "";
			projectRoot = "";
			targets = (
				1D2191E02A862BDD001D5D0F /* MySpar_TestTask */,
			);
		};
/* End PBXProject section */

/* Begin PBXResourcesBuildPhase section */
		1D2191DF2A862BDD001D5D0F /* Resources */ = {
			isa = PBXResourcesBuildPhase;
			buildActionMask = 2147483647;
			files = (
				1D2191EC2A862BDE001D5D0F /* Preview Assets.xcassets in Resources */,
				1D2191E92A862BDE001D5D0F /* Assets.xcassets in Resources */,
			);
			runOnlyForDeploymentPostprocessing = 0;
		};
/* End PBXResourcesBuildPhase section */

/* Begin PBXSourcesBuildPhase section */
		1D2191DD2A862BDD001D5D0F /* Sources */ = {
			isa = PBXSourcesBuildPhase;
			buildActionMask = 2147483647;
			files = (
				1D903C9F2A876FE8001DDEFA /* CatalogViewModel.swift in Sources */,
				1D903CA62A87CDBA001DDEFA /* MainView.swift in Sources */,
				1D903CAE2A87DD32001DDEFA /* ProductCard.swift in Sources */,
				1D903CAA2A87DB94001DDEFA /* Banner.swift in Sources */,
				1D903C992A874446001DDEFA /* ProfileView.swift in Sources */,
				1D903CA82A87DA8C001DDEFA /* MainOptions.swift in Sources */,
				1DF56A702A867DEC00022070 /* NavigationBarViewModel.swift in Sources */,
				1D2192002A863302001D5D0F /* BasketView.swift in Sources */,
				1D903CAC2A87DC4C001DDEFA /* SpecialCard.swift in Sources */,
				1D2191F72A862D46001D5D0F /* MainTabBar.swift in Sources */,
				1D2191E72A862BDD001D5D0F /* ContentView.swift in Sources */,
				1DF56A6E2A867DAF00022070 /* NavigationBarView.swift in Sources */,
				1D2191E52A862BDD001D5D0F /* MySpar_TestTaskApp.swift in Sources */,
				1D903C9D2A876F8C001DDEFA /* TopRoundedMask.swift in Sources */,
				1D2191FA2A86318C001D5D0F /* Color + Ext.swift in Sources */,
				1D903C9B2A875973001DDEFA /* CatalogView.swift in Sources */,
				1D903CA42A877068001DDEFA /* CatalogSection.swift in Sources */,
			);
			runOnlyForDeploymentPostprocessing = 0;
		};
/* End PBXSourcesBuildPhase section */

/* Begin XCBuildConfiguration section */
		1D2191ED2A862BDE001D5D0F /* Debug */ = {
			isa = XCBuildConfiguration;
			buildSettings = {
				ALWAYS_SEARCH_USER_PATHS = NO;
				CLANG_ANALYZER_NONNULL = YES;
				CLANG_ANALYZER_NUMBER_OBJECT_CONVERSION = YES_AGGRESSIVE;
				CLANG_CXX_LANGUAGE_STANDARD = "gnu++20";
				CLANG_ENABLE_MODULES = YES;
				CLANG_ENABLE_OBJC_ARC = YES;
				CLANG_ENABLE_OBJC_WEAK = YES;
				CLANG_WARN_BLOCK_CAPTURE_AUTORELEASING = YES;
				CLANG_WARN_BOOL_CONVERSION = YES;
				CLANG_WARN_COMMA = YES;
				CLANG_WARN_CONSTANT_CONVERSION = YES;
				CLANG_WARN_DEPRECATED_OBJC_IMPLEMENTATIONS = YES;
				CLANG_WARN_DIRECT_OBJC_ISA_USAGE = YES_ERROR;
				CLANG_WARN_DOCUMENTATION_COMMENTS = YES;
				CLANG_WARN_EMPTY_BODY = YES;
				CLANG_WARN_ENUM_CONVERSION = YES;
				CLANG_WARN_INFINITE_RECURSION = YES;
				CLANG_WARN_INT_CONVERSION = YES;
				CLANG_WARN_NON_LITERAL_NULL_CONVERSION = YES;
				CLANG_WARN_OBJC_IMPLICIT_RETAIN_SELF = YES;
				CLANG_WARN_OBJC_LITERAL_CONVERSION = YES;
				CLANG_WARN_OBJC_ROOT_CLASS = YES_ERROR;
				CLANG_WARN_QUOTED_INCLUDE_IN_FRAMEWORK_HEADER = YES;
				CLANG_WARN_RANGE_LOOP_ANALYSIS = YES;
				CLANG_WARN_STRICT_PROTOTYPES = YES;
				CLANG_WARN_SUSPICIOUS_MOVE = YES;
				CLANG_WARN_UNGUARDED_AVAILABILITY = YES_AGGRESSIVE;
				CLANG_WARN_UNREACHABLE_CODE = YES;
				CLANG_WARN__DUPLICATE_METHOD_MATCH = YES;
				COPY_PHASE_STRIP = NO;
				DEBUG_INFORMATION_FORMAT = dwarf;
				ENABLE_STRICT_OBJC_MSGSEND = YES;
				ENABLE_TESTABILITY = YES;
				GCC_C_LANGUAGE_STANDARD = gnu11;
				GCC_DYNAMIC_NO_PIC = NO;
				GCC_NO_COMMON_BLOCKS = YES;
				GCC_OPTIMIZATION_LEVEL = 0;
				GCC_PREPROCESSOR_DEFINITIONS = (
					"DEBUG=1",
					"$(inherited)",
				);
				GCC_WARN_64_TO_32_BIT_CONVERSION = YES;
				GCC_WARN_ABOUT_RETURN_TYPE = YES_ERROR;
				GCC_WARN_UNDECLARED_SELECTOR = YES;
				GCC_WARN_UNINITIALIZED_AUTOS = YES_AGGRESSIVE;
				GCC_WARN_UNUSED_FUNCTION = YES;
				GCC_WARN_UNUSED_VARIABLE = YES;
				IPHONEOS_DEPLOYMENT_TARGET = 16.4;
				MTL_ENABLE_DEBUG_INFO = INCLUDE_SOURCE;
				MTL_FAST_MATH = YES;
				ONLY_ACTIVE_ARCH = YES;
				SDKROOT = iphoneos;
				SWIFT_ACTIVE_COMPILATION_CONDITIONS = DEBUG;
				SWIFT_OPTIMIZATION_LEVEL = "-Onone";
			};
			name = Debug;
		};
		1D2191EE2A862BDE001D5D0F /* Release */ = {
			isa = XCBuildConfiguration;
			buildSettings = {
				ALWAYS_SEARCH_USER_PATHS = NO;
				CLANG_ANALYZER_NONNULL = YES;
				CLANG_ANALYZER_NUMBER_OBJECT_CONVERSION = YES_AGGRESSIVE;
				CLANG_CXX_LANGUAGE_STANDARD = "gnu++20";
				CLANG_ENABLE_MODULES = YES;
				CLANG_ENABLE_OBJC_ARC = YES;
				CLANG_ENABLE_OBJC_WEAK = YES;
				CLANG_WARN_BLOCK_CAPTURE_AUTORELEASING = YES;
				CLANG_WARN_BOOL_CONVERSION = YES;
				CLANG_WARN_COMMA = YES;
				CLANG_WARN_CONSTANT_CONVERSION = YES;
				CLANG_WARN_DEPRECATED_OBJC_IMPLEMENTATIONS = YES;
				CLANG_WARN_DIRECT_OBJC_ISA_USAGE = YES_ERROR;
				CLANG_WARN_DOCUMENTATION_COMMENTS = YES;
				CLANG_WARN_EMPTY_BODY = YES;
				CLANG_WARN_ENUM_CONVERSION = YES;
				CLANG_WARN_INFINITE_RECURSION = YES;
				CLANG_WARN_INT_CONVERSION = YES;
				CLANG_WARN_NON_LITERAL_NULL_CONVERSION = YES;
				CLANG_WARN_OBJC_IMPLICIT_RETAIN_SELF = YES;
				CLANG_WARN_OBJC_LITERAL_CONVERSION = YES;
				CLANG_WARN_OBJC_ROOT_CLASS = YES_ERROR;
				CLANG_WARN_QUOTED_INCLUDE_IN_FRAMEWORK_HEADER = YES;
				CLANG_WARN_RANGE_LOOP_ANALYSIS = YES;
				CLANG_WARN_STRICT_PROTOTYPES = YES;
				CLANG_WARN_SUSPICIOUS_MOVE = YES;
				CLANG_WARN_UNGUARDED_AVAILABILITY = YES_AGGRESSIVE;
				CLANG_WARN_UNREACHABLE_CODE = YES;
				CLANG_WARN__DUPLICATE_METHOD_MATCH = YES;
				COPY_PHASE_STRIP = NO;
				DEBUG_INFORMATION_FORMAT = "dwarf-with-dsym";
				ENABLE_NS_ASSERTIONS = NO;
				ENABLE_STRICT_OBJC_MSGSEND = YES;
				GCC_C_LANGUAGE_STANDARD = gnu11;
				GCC_NO_COMMON_BLOCKS = YES;
				GCC_WARN_64_TO_32_BIT_CONVERSION = YES;
				GCC_WARN_ABOUT_RETURN_TYPE = YES_ERROR;
				GCC_WARN_UNDECLARED_SELECTOR = YES;
				GCC_WARN_UNINITIALIZED_AUTOS = YES_AGGRESSIVE;
				GCC_WARN_UNUSED_FUNCTION = YES;
				GCC_WARN_UNUSED_VARIABLE = YES;
				IPHONEOS_DEPLOYMENT_TARGET = 16.4;
				MTL_ENABLE_DEBUG_INFO = NO;
				MTL_FAST_MATH = YES;
				SDKROOT = iphoneos;
				SWIFT_COMPILATION_MODE = wholemodule;
				SWIFT_OPTIMIZATION_LEVEL = "-O";
				VALIDATE_PRODUCT = YES;
			};
			name = Release;
		};
		1D2191F02A862BDE001D5D0F /* Debug */ = {
			isa = XCBuildConfiguration;
			buildSettings = {
				ASSETCATALOG_COMPILER_APPICON_NAME = AppIcon;
				ASSETCATALOG_COMPILER_GLOBAL_ACCENT_COLOR_NAME = AccentColor;
				CODE_SIGN_STYLE = Automatic;
				CURRENT_PROJECT_VERSION = 1;
				DEVELOPMENT_ASSET_PATHS = "\"MySpar_TestTask/Preview Content\"";
				DEVELOPMENT_TEAM = V8V72KCX9X;
				ENABLE_PREVIEWS = YES;
				GENERATE_INFOPLIST_FILE = YES;
				INFOPLIST_KEY_UIApplicationSceneManifest_Generation = YES;
				INFOPLIST_KEY_UIApplicationSupportsIndirectInputEvents = YES;
				INFOPLIST_KEY_UILaunchScreen_Generation = YES;
				INFOPLIST_KEY_UISupportedInterfaceOrientations_iPad = "UIInterfaceOrientationPortrait UIInterfaceOrientationPortraitUpsideDown UIInterfaceOrientationLandscapeLeft UIInterfaceOrientationLandscapeRight";
				INFOPLIST_KEY_UISupportedInterfaceOrientations_iPhone = "UIInterfaceOrientationPortrait UIInterfaceOrientationLandscapeLeft UIInterfaceOrientationLandscapeRight";
				LD_RUNPATH_SEARCH_PATHS = (
					"$(inherited)",
					"@executable_path/Frameworks",
				);
				MARKETING_VERSION = 1.0;
				PRODUCT_BUNDLE_IDENTIFIER = "RAMENSKII.MySpar-TestTask";
				PRODUCT_NAME = "$(TARGET_NAME)";
				SWIFT_EMIT_LOC_STRINGS = YES;
				SWIFT_VERSION = 5.0;
				TARGETED_DEVICE_FAMILY = "1,2";
			};
			name = Debug;
		};
		1D2191F12A862BDE001D5D0F /* Release */ = {
			isa = XCBuildConfiguration;
			buildSettings = {
				ASSETCATALOG_COMPILER_APPICON_NAME = AppIcon;
				ASSETCATALOG_COMPILER_GLOBAL_ACCENT_COLOR_NAME = AccentColor;
				CODE_SIGN_STYLE = Automatic;
				CURRENT_PROJECT_VERSION = 1;
				DEVELOPMENT_ASSET_PATHS = "\"MySpar_TestTask/Preview Content\"";
				DEVELOPMENT_TEAM = V8V72KCX9X;
				ENABLE_PREVIEWS = YES;
				GENERATE_INFOPLIST_FILE = YES;
				INFOPLIST_KEY_UIApplicationSceneManifest_Generation = YES;
				INFOPLIST_KEY_UIApplicationSupportsIndirectInputEvents = YES;
				INFOPLIST_KEY_UILaunchScreen_Generation = YES;
				INFOPLIST_KEY_UISupportedInterfaceOrientations_iPad = "UIInterfaceOrientationPortrait UIInterfaceOrientationPortraitUpsideDown UIInterfaceOrientationLandscapeLeft UIInterfaceOrientationLandscapeRight";
				INFOPLIST_KEY_UISupportedInterfaceOrientations_iPhone = "UIInterfaceOrientationPortrait UIInterfaceOrientationLandscapeLeft UIInterfaceOrientationLandscapeRight";
				LD_RUNPATH_SEARCH_PATHS = (
					"$(inherited)",
					"@executable_path/Frameworks",
				);
				MARKETING_VERSION = 1.0;
				PRODUCT_BUNDLE_IDENTIFIER = "RAMENSKII.MySpar-TestTask";
				PRODUCT_NAME = "$(TARGET_NAME)";
				SWIFT_EMIT_LOC_STRINGS = YES;
				SWIFT_VERSION = 5.0;
				TARGETED_DEVICE_FAMILY = "1,2";
			};
			name = Release;
		};
/* End XCBuildConfiguration section */

/* Begin XCConfigurationList section */
		1D2191DC2A862BDD001D5D0F /* Build configuration list for PBXProject "MySpar_TestTask" */ = {
			isa = XCConfigurationList;
			buildConfigurations = (
				1D2191ED2A862BDE001D5D0F /* Debug */,
				1D2191EE2A862BDE001D5D0F /* Release */,
			);
			defaultConfigurationIsVisible = 0;
			defaultConfigurationName = Release;
		};
		1D2191EF2A862BDE001D5D0F /* Build configuration list for PBXNativeTarget "MySpar_TestTask" */ = {
			isa = XCConfigurationList;
			buildConfigurations = (
				1D2191F02A862BDE001D5D0F /* Debug */,
				1D2191F12A862BDE001D5D0F /* Release */,
			);
			defaultConfigurationIsVisible = 0;
			defaultConfigurationName = Release;
		};
/* End XCConfigurationList section */
	};
	rootObject = 1D2191D92A862BDD001D5D0F /* Project object */;
}
